dependencies:
- name: postgresql
  repository: https://charts.bitnami.com/bitnami
  version: 14.2.3
- name: redis
  repository: https://charts.bitnami.com/bitnami
  version: 18.17.0
digest: sha256:dcac7ce7b24d359b39fbfe093b8be525d995d3799fbb0a9752858980a51f8600
generated: "2024-02-22T09:52:46.479400228Z"
